// !$*UTF8*$!
{
	archiveVersion = 1;
	classes = {
	};
	objectVersion = 46;
	objects = {

/* Begin PBXBuildFile section */
		3FC39F8F18D7CAC700E98DAF /* Foundation.framework in Frameworks */ = {isa = PBXBuildFile; fileRef = 3FC39F8E18D7CAC700E98DAF /* Foundation.framework */; };
		3FC39F9118D7CAC700E98DAF /* CoreGraphics.framework in Frameworks */ = {isa = PBXBuildFile; fileRef = 3FC39F9018D7CAC700E98DAF /* CoreGraphics.framework */; };
		3FC39F9318D7CAC700E98DAF /* UIKit.framework in Frameworks */ = {isa = PBXBuildFile; fileRef = 3FC39F9218D7CAC700E98DAF /* UIKit.framework */; };
		3FC39F9918D7CAC700E98DAF /* InfoPlist.strings in Resources */ = {isa = PBXBuildFile; fileRef = 3FC39F9718D7CAC700E98DAF /* InfoPlist.strings */; };
		3FC39F9B18D7CAC700E98DAF /* main.m in Sources */ = {isa = PBXBuildFile; fileRef = 3FC39F9A18D7CAC700E98DAF /* main.m */; };
		3FC39F9F18D7CAC700E98DAF /* AppDelegate.m in Sources */ = {isa = PBXBuildFile; fileRef = 3FC39F9E18D7CAC700E98DAF /* AppDelegate.m */; };
		3FC39FA218D7CAC700E98DAF /* Main.storyboard in Resources */ = {isa = PBXBuildFile; fileRef = 3FC39FA018D7CAC700E98DAF /* Main.storyboard */; };
		3FC39FA518D7CAC700E98DAF /* ViewController.m in Sources */ = {isa = PBXBuildFile; fileRef = 3FC39FA418D7CAC700E98DAF /* ViewController.m */; };
		3FC39FA718D7CAC700E98DAF /* Images.xcassets in Resources */ = {isa = PBXBuildFile; fileRef = 3FC39FA618D7CAC700E98DAF /* Images.xcassets */; };
		3FC39FAE18D7CAC700E98DAF /* XCTest.framework in Frameworks */ = {isa = PBXBuildFile; fileRef = 3FC39FAD18D7CAC700E98DAF /* XCTest.framework */; };
		3FC39FAF18D7CAC700E98DAF /* Foundation.framework in Frameworks */ = {isa = PBXBuildFile; fileRef = 3FC39F8E18D7CAC700E98DAF /* Foundation.framework */; };
		3FC39FB018D7CAC700E98DAF /* UIKit.framework in Frameworks */ = {isa = PBXBuildFile; fileRef = 3FC39F9218D7CAC700E98DAF /* UIKit.framework */; };
		3FC39FB818D7CAC700E98DAF /* InfoPlist.strings in Resources */ = {isa = PBXBuildFile; fileRef = 3FC39FB618D7CAC700E98DAF /* InfoPlist.strings */; };
		3FC39FBA18D7CAC700E98DAF /* My_StoryTests.m in Sources */ = {isa = PBXBuildFile; fileRef = 3FC39FB918D7CAC700E98DAF /* My_StoryTests.m */; };
		3FC39FC818D7CB3500E98DAF /* female.png in Resources */ = {isa = PBXBuildFile; fileRef = 3FC39FC318D7CB3500E98DAF /* female.png */; };
		3FC39FC918D7CB3500E98DAF /* geek.png in Resources */ = {isa = PBXBuildFile; fileRef = 3FC39FC418D7CB3500E98DAF /* geek.png */; };
		3FC39FCA18D7CB3500E98DAF /* man.png in Resources */ = {isa = PBXBuildFile; fileRef = 3FC39FC518D7CB3500E98DAF /* man.png */; };
		3FC39FCB18D7CB3500E98DAF /* mystory.png in Resources */ = {isa = PBXBuildFile; fileRef = 3FC39FC618D7CB3500E98DAF /* mystory.png */; };
		3FC39FCC18D7CB3500E98DAF /* navControll.png in Resources */ = {isa = PBXBuildFile; fileRef = 3FC39FC718D7CB3500E98DAF /* navControll.png */; };
		3FC39FCF18D7D88900E98DAF /* UberView.m in Sources */ = {isa = PBXBuildFile; fileRef = 3FC39FCE18D7D88900E98DAF /* UberView.m */; };
/* End PBXBuildFile section */

/* Begin PBXContainerItemProxy section */
		3FC39FB118D7CAC700E98DAF /* PBXContainerItemProxy */ = {
			isa = PBXContainerItemProxy;
			containerPortal = 3FC39F8318D7CAC700E98DAF /* Project object */;
			proxyType = 1;
			remoteGlobalIDString = 3FC39F8A18D7CAC700E98DAF;
			remoteInfo = "My Story";
		};
/* End PBXContainerItemProxy section */

/* Begin PBXFileReference section */
		3FC39F8B18D7CAC700E98DAF /* My Story.app */ = {isa = PBXFileReference; explicitFileType = wrapper.application; includeInIndex = 0; path = "My Story.app"; sourceTree = BUILT_PRODUCTS_DIR; };
		3FC39F8E18D7CAC700E98DAF /* Foundation.framework */ = {isa = PBXFileReference; lastKnownFileType = wrapper.framework; name = Foundation.framework; path = System/Library/Frameworks/Foundation.framework; sourceTree = SDKROOT; };
		3FC39F9018D7CAC700E98DAF /* CoreGraphics.framework */ = {isa = PBXFileReference; lastKnownFileType = wrapper.framework; name = CoreGraphics.framework; path = System/Library/Frameworks/CoreGraphics.framework; sourceTree = SDKROOT; };
		3FC39F9218D7CAC700E98DAF /* UIKit.framework */ = {isa = PBXFileReference; lastKnownFileType = wrapper.framework; name = UIKit.framework; path = System/Library/Frameworks/UIKit.framework; sourceTree = SDKROOT; };
		3FC39F9618D7CAC700E98DAF /* My Story-Info.plist */ = {isa = PBXFileReference; lastKnownFileType = text.plist.xml; path = "My Story-Info.plist"; sourceTree = "<group>"; };
		3FC39F9818D7CAC700E98DAF /* en */ = {isa = PBXFileReference; lastKnownFileType = text.plist.strings; name = en; path = en.lproj/InfoPlist.strings; sourceTree = "<group>"; };
		3FC39F9A18D7CAC700E98DAF /* main.m */ = {isa = PBXFileReference; lastKnownFileType = sourcecode.c.objc; path = main.m; sourceTree = "<group>"; };
		3FC39F9C18D7CAC700E98DAF /* My Story-Prefix.pch */ = {isa = PBXFileReference; lastKnownFileType = sourcecode.c.h; path = "My Story-Prefix.pch"; sourceTree = "<group>"; };
		3FC39F9D18D7CAC700E98DAF /* AppDelegate.h */ = {isa = PBXFileReference; lastKnownFileType = sourcecode.c.h; path = AppDelegate.h; sourceTree = "<group>"; };
		3FC39F9E18D7CAC700E98DAF /* AppDelegate.m */ = {isa = PBXFileReference; lastKnownFileType = sourcecode.c.objc; path = AppDelegate.m; sourceTree = "<group>"; };
		3FC39FA118D7CAC700E98DAF /* Base */ = {isa = PBXFileReference; lastKnownFileType = file.storyboard; name = Base; path = Base.lproj/Main.storyboard; sourceTree = "<group>"; };
		3FC39FA318D7CAC700E98DAF /* ViewController.h */ = {isa = PBXFileReference; lastKnownFileType = sourcecode.c.h; path = ViewController.h; sourceTree = "<group>"; };
		3FC39FA418D7CAC700E98DAF /* ViewController.m */ = {isa = PBXFileReference; lastKnownFileType = sourcecode.c.objc; path = ViewController.m; sourceTree = "<group>"; };
		3FC39FA618D7CAC700E98DAF /* Images.xcassets */ = {isa = PBXFileReference; lastKnownFileType = folder.assetcatalog; path = Images.xcassets; sourceTree = "<group>"; };
		3FC39FAC18D7CAC700E98DAF /* My StoryTests.xctest */ = {isa = PBXFileReference; explicitFileType = wrapper.cfbundle; includeInIndex = 0; path = "My StoryTests.xctest"; sourceTree = BUILT_PRODUCTS_DIR; };
		3FC39FAD18D7CAC700E98DAF /* XCTest.framework */ = {isa = PBXFileReference; lastKnownFileType = wrapper.framework; name = XCTest.framework; path = Library/Frameworks/XCTest.framework; sourceTree = DEVELOPER_DIR; };
		3FC39FB518D7CAC700E98DAF /* My StoryTests-Info.plist */ = {isa = PBXFileReference; lastKnownFileType = text.plist.xml; path = "My StoryTests-Info.plist"; sourceTree = "<group>"; };
		3FC39FB718D7CAC700E98DAF /* en */ = {isa = PBXFileReference; lastKnownFileType = text.plist.strings; name = en; path = en.lproj/InfoPlist.strings; sourceTree = "<group>"; };
		3FC39FB918D7CAC700E98DAF /* My_StoryTests.m */ = {isa = PBXFileReference; lastKnownFileType = sourcecode.c.objc; path = My_StoryTests.m; sourceTree = "<group>"; };
		3FC39FC318D7CB3500E98DAF /* female.png */ = {isa = PBXFileReference; lastKnownFileType = image.png; path = female.png; sourceTree = "<group>"; };
		3FC39FC418D7CB3500E98DAF /* geek.png */ = {isa = PBXFileReference; lastKnownFileType = image.png; path = geek.png; sourceTree = "<group>"; };
		3FC39FC518D7CB3500E98DAF /* man.png */ = {isa = PBXFileReference; lastKnownFileType = image.png; path = man.png; sourceTree = "<group>"; };
		3FC39FC618D7CB3500E98DAF /* mystory.png */ = {isa = PBXFileReference; lastKnownFileType = image.png; path = mystory.png; sourceTree = "<group>"; };
		3FC39FC718D7CB3500E98DAF /* navControll.png */ = {isa = PBXFileReference; lastKnownFileType = image.png; path = navControll.png; sourceTree = "<group>"; };
		3FC39FCD18D7D88900E98DAF /* UberView.h */ = {isa = PBXFileReference; fileEncoding = 4; lastKnownFileType = sourcecode.c.h; path = UberView.h; sourceTree = "<group>"; };
		3FC39FCE18D7D88900E98DAF /* UberView.m */ = {isa = PBXFileReference; fileEncoding = 4; lastKnownFileType = sourcecode.c.objc; path = UberView.m; sourceTree = "<group>"; };
/* End PBXFileReference section */

/* Begin PBXFrameworksBuildPhase section */
		3FC39F8818D7CAC700E98DAF /* Frameworks */ = {
			isa = PBXFrameworksBuildPhase;
			buildActionMask = 2147483647;
			files = (
				3FC39F9118D7CAC700E98DAF /* CoreGraphics.framework in Frameworks */,
				3FC39F9318D7CAC700E98DAF /* UIKit.framework in Frameworks */,
				3FC39F8F18D7CAC700E98DAF /* Foundation.framework in Frameworks */,
			);
			runOnlyForDeploymentPostprocessing = 0;
		};
		3FC39FA918D7CAC700E98DAF /* Frameworks */ = {
			isa = PBXFrameworksBuildPhase;
			buildActionMask = 2147483647;
			files = (
				3FC39FAE18D7CAC700E98DAF /* XCTest.framework in Frameworks */,
				3FC39FB018D7CAC700E98DAF /* UIKit.framework in Frameworks */,
				3FC39FAF18D7CAC700E98DAF /* Foundation.framework in Frameworks */,
			);
			runOnlyForDeploymentPostprocessing = 0;
		};
/* End PBXFrameworksBuildPhase section */

/* Begin PBXGroup section */
		3FC39F8218D7CAC700E98DAF = {
			isa = PBXGroup;
			children = (
				3FC39F9418D7CAC700E98DAF /* My Story */,
				3FC39FB318D7CAC700E98DAF /* My StoryTests */,
				3FC39F8D18D7CAC700E98DAF /* Frameworks */,
				3FC39F8C18D7CAC700E98DAF /* Products */,
			);
			sourceTree = "<group>";
		};
		3FC39F8C18D7CAC700E98DAF /* Products */ = {
			isa = PBXGroup;
			children = (
				3FC39F8B18D7CAC700E98DAF /* My Story.app */,
				3FC39FAC18D7CAC700E98DAF /* My StoryTests.xctest */,
			);
			name = Products;
			sourceTree = "<group>";
		};
		3FC39F8D18D7CAC700E98DAF /* Frameworks */ = {
			isa = PBXGroup;
			children = (
				3FC39F8E18D7CAC700E98DAF /* Foundation.framework */,
				3FC39F9018D7CAC700E98DAF /* CoreGraphics.framework */,
				3FC39F9218D7CAC700E98DAF /* UIKit.framework */,
				3FC39FAD18D7CAC700E98DAF /* XCTest.framework */,
			);
			name = Frameworks;
			sourceTree = "<group>";
		};
		3FC39F9418D7CAC700E98DAF /* My Story */ = {
			isa = PBXGroup;
			children = (
				3FC39F9D18D7CAC700E98DAF /* AppDelegate.h */,
				3FC39F9E18D7CAC700E98DAF /* AppDelegate.m */,
				3FC39FA018D7CAC700E98DAF /* Main.storyboard */,
				3FC39FA318D7CAC700E98DAF /* ViewController.h */,
				3FC39FA418D7CAC700E98DAF /* ViewController.m */,
				3FC39FA618D7CAC700E98DAF /* Images.xcassets */,
				3FC39F9518D7CAC700E98DAF /* Supporting Files */,
				3FC39FCD18D7D88900E98DAF /* UberView.h */,
				3FC39FCE18D7D88900E98DAF /* UberView.m */,
			);
			path = "My Story";
			sourceTree = "<group>";
		};
		3FC39F9518D7CAC700E98DAF /* Supporting Files */ = {
			isa = PBXGroup;
			children = (
				3FC39FC318D7CB3500E98DAF /* female.png */,
				3FC39FC418D7CB3500E98DAF /* geek.png */,
				3FC39FC518D7CB3500E98DAF /* man.png */,
				3FC39FC618D7CB3500E98DAF /* mystory.png */,
				3FC39FC718D7CB3500E98DAF /* navControll.png */,
				3FC39F9618D7CAC700E98DAF /* My Story-Info.plist */,
				3FC39F9718D7CAC700E98DAF /* InfoPlist.strings */,
				3FC39F9A18D7CAC700E98DAF /* main.m */,
				3FC39F9C18D7CAC700E98DAF /* My Story-Prefix.pch */,
			);
			name = "Supporting Files";
			sourceTree = "<group>";
		};
		3FC39FB318D7CAC700E98DAF /* My StoryTests */ = {
			isa = PBXGroup;
			children = (
				3FC39FB918D7CAC700E98DAF /* My_StoryTests.m */,
				3FC39FB418D7CAC700E98DAF /* Supporting Files */,
			);
			path = "My StoryTests";
			sourceTree = "<group>";
		};
		3FC39FB418D7CAC700E98DAF /* Supporting Files */ = {
			isa = PBXGroup;
			children = (
				3FC39FB518D7CAC700E98DAF /* My StoryTests-Info.plist */,
				3FC39FB618D7CAC700E98DAF /* InfoPlist.strings */,
			);
			name = "Supporting Files";
			sourceTree = "<group>";
		};
/* End PBXGroup section */

/* Begin PBXNativeTarget section */
		3FC39F8A18D7CAC700E98DAF /* My Story */ = {
			isa = PBXNativeTarget;
			buildConfigurationList = 3FC39FBD18D7CAC700E98DAF /* Build configuration list for PBXNativeTarget "My Story" */;
			buildPhases = (
				3FC39F8718D7CAC700E98DAF /* Sources */,
				3FC39F8818D7CAC700E98DAF /* Frameworks */,
				3FC39F8918D7CAC700E98DAF /* Resources */,
			);
			buildRules = (
			);
			dependencies = (
			);
			name = "My Story";
			productName = "My Story";
			productReference = 3FC39F8B18D7CAC700E98DAF /* My Story.app */;
			productType = "com.apple.product-type.application";
		};
		3FC39FAB18D7CAC700E98DAF /* My StoryTests */ = {
			isa = PBXNativeTarget;
			buildConfigurationList = 3FC39FC018D7CAC700E98DAF /* Build configuration list for PBXNativeTarget "My StoryTests" */;
			buildPhases = (
				3FC39FA818D7CAC700E98DAF /* Sources */,
				3FC39FA918D7CAC700E98DAF /* Frameworks */,
				3FC39FAA18D7CAC700E98DAF /* Resources */,
			);
			buildRules = (
			);
			dependencies = (
				3FC39FB218D7CAC700E98DAF /* PBXTargetDependency */,
			);
			name = "My StoryTests";
			productName = "My StoryTests";
			productReference = 3FC39FAC18D7CAC700E98DAF /* My StoryTests.xctest */;
			productType = "com.apple.product-type.bundle.unit-test";
		};
/* End PBXNativeTarget section */

/* Begin PBXProject section */
		3FC39F8318D7CAC700E98DAF /* Project object */ = {
			isa = PBXProject;
			attributes = {
				LastUpgradeCheck = 0510;
				ORGANIZATIONNAME = "Jeremy Jones";
				TargetAttributes = {
					3FC39FAB18D7CAC700E98DAF = {
						TestTargetID = 3FC39F8A18D7CAC700E98DAF;
					};
				};
			};
			buildConfigurationList = 3FC39F8618D7CAC700E98DAF /* Build configuration list for PBXProject "My Story" */;
			compatibilityVersion = "Xcode 3.2";
			developmentRegion = English;
			hasScannedForEncodings = 0;
			knownRegions = (
				en,
				Base,
			);
			mainGroup = 3FC39F8218D7CAC700E98DAF;
			productRefGroup = 3FC39F8C18D7CAC700E98DAF /* Products */;
			projectDirPath = "";
			projectRoot = "";
			targets = (
				3FC39F8A18D7CAC700E98DAF /* My Story */,
				3FC39FAB18D7CAC700E98DAF /* My StoryTests */,
			);
		};
/* End PBXProject section */

/* Begin PBXResourcesBuildPhase section */
		3FC39F8918D7CAC700E98DAF /* Resources */ = {
			isa = PBXResourcesBuildPhase;
			buildActionMask = 2147483647;
			files = (
				3FC39FCA18D7CB3500E98DAF /* man.png in Resources */,
				3FC39FCB18D7CB3500E98DAF /* mystory.png in Resources */,
				3FC39FA718D7CAC700E98DAF /* Images.xcassets in Resources */,
				3FC39FC918D7CB3500E98DAF /* geek.png in Resources */,
				3FC39FCC18D7CB3500E98DAF /* navControll.png in Resources */,
				3FC39F9918D7CAC700E98DAF /* InfoPlist.strings in Resources */,
				3FC39FA218D7CAC700E98DAF /* Main.storyboard in Resources */,
				3FC39FC818D7CB3500E98DAF /* female.png in Resources */,
			);
			runOnlyForDeploymentPostprocessing = 0;
		};
		3FC39FAA18D7CAC700E98DAF /* Resources */ = {
			isa = PBXResourcesBuildPhase;
			buildActionMask = 2147483647;
			files = (
				3FC39FB818D7CAC700E98DAF /* InfoPlist.strings in Resources */,
			);
			runOnlyForDeploymentPostprocessing = 0;
		};
/* End PBXResourcesBuildPhase section */

/* Begin PBXSourcesBuildPhase section */
		3FC39F8718D7CAC700E98DAF /* Sources */ = {
			isa = PBXSourcesBuildPhase;
			buildActionMask = 2147483647;
			files = (
				3FC39FA518D7CAC700E98DAF /* ViewController.m in Sources */,
				3FC39F9F18D7CAC700E98DAF /* AppDelegate.m in Sources */,
				3FC39FCF18D7D88900E98DAF /* UberView.m in Sources */,
				3FC39F9B18D7CAC700E98DAF /* main.m in Sources */,
			);
			runOnlyForDeploymentPostprocessing = 0;
		};
		3FC39FA818D7CAC700E98DAF /* Sources */ = {
			isa = PBXSourcesBuildPhase;
			buildActionMask = 2147483647;
			files = (
				3FC39FBA18D7CAC700E98DAF /* My_StoryTests.m in Sources */,
			);
			runOnlyForDeploymentPostprocessing = 0;
		};
/* End PBXSourcesBuildPhase section */

/* Begin PBXTargetDependency section */
		3FC39FB218D7CAC700E98DAF /* PBXTargetDependency */ = {
			isa = PBXTargetDependency;
			target = 3FC39F8A18D7CAC700E98DAF /* My Story */;
			targetProxy = 3FC39FB118D7CAC700E98DAF /* PBXContainerItemProxy */;
		};
/* End PBXTargetDependency section */

/* Begin PBXVariantGroup section */
		3FC39F9718D7CAC700E98DAF /* InfoPlist.strings */ = {
			isa = PBXVariantGroup;
			children = (
				3FC39F9818D7CAC700E98DAF /* en */,
			);
			name = InfoPlist.strings;
			sourceTree = "<group>";
		};
		3FC39FA018D7CAC700E98DAF /* Main.storyboard */ = {
			isa = PBXVariantGroup;
			children = (
				3FC39FA118D7CAC700E98DAF /* Base */,
			);
			name = Main.storyboard;
			sourceTree = "<group>";
		};
		3FC39FB618D7CAC700E98DAF /* InfoPlist.strings */ = {
			isa = PBXVariantGroup;
			children = (
				3FC39FB718D7CAC700E98DAF /* en */,
			);
			name = InfoPlist.strings;
			sourceTree = "<group>";
		};
/* End PBXVariantGroup section */

/* Begin XCBuildConfiguration section */
		3FC39FBB18D7CAC700E98DAF /* Debug */ = {
			isa = XCBuildConfiguration;
			buildSettings = {
				ALWAYS_SEARCH_USER_PATHS = NO;
				CLANG_CXX_LANGUAGE_STANDARD = "gnu++0x";
				CLANG_CXX_LIBRARY = "libc++";
				CLANG_ENABLE_MODULES = YES;
				CLANG_ENABLE_OBJC_ARC = YES;
				CLANG_WARN_BOOL_CONVERSION = YES;
				CLANG_WARN_CONSTANT_CONVERSION = YES;
				CLANG_WARN_DIRECT_OBJC_ISA_USAGE = YES_ERROR;
				CLANG_WARN_EMPTY_BODY = YES;
				CLANG_WARN_ENUM_CONVERSION = YES;
				CLANG_WARN_INT_CONVERSION = YES;
				CLANG_WARN_OBJC_ROOT_CLASS = YES_ERROR;
				CLANG_WARN__DUPLICATE_METHOD_MATCH = YES;
				"CODE_SIGN_IDENTITY[sdk=iphoneos*]" = "iPhone Developer";
				COPY_PHASE_STRIP = NO;
				GCC_C_LANGUAGE_STANDARD = gnu99;
				GCC_DYNAMIC_NO_PIC = NO;
				GCC_OPTIMIZATION_LEVEL = 0;
				GCC_PREPROCESSOR_DEFINITIONS = (
					"DEBUG=1",
					"$(inherited)",
				);
				GCC_SYMBOLS_PRIVATE_EXTERN = NO;
				GCC_WARN_64_TO_32_BIT_CONVERSION = YES;
				GCC_WARN_ABOUT_RETURN_TYPE = YES_ERROR;
				GCC_WARN_UNDECLARED_SELECTOR = YES;
				GCC_WARN_UNINITIALIZED_AUTOS = YES_AGGRESSIVE;
				GCC_WARN_UNUSED_FUNCTION = YES;
				GCC_WARN_UNUSED_VARIABLE = YES;
				IPHONEOS_DEPLOYMENT_TARGET = 7.1;
				ONLY_ACTIVE_ARCH = YES;
				SDKROOT = iphoneos;
			};
			name = Debug;
		};
		3FC39FBC18D7CAC700E98DAF /* Release */ = {
			isa = XCBuildConfiguration;
			buildSettings = {
				ALWAYS_SEARCH_USER_PATHS = NO;
				CLANG_CXX_LANGUAGE_STANDARD = "gnu++0x";
				CLANG_CXX_LIBRARY = "libc++";
				CLANG_ENABLE_MODULES = YES;
				CLANG_ENABLE_OBJC_ARC = YES;
				CLANG_WARN_BOOL_CONVERSION = YES;
				CLANG_WARN_CONSTANT_CONVERSION = YES;
				CLANG_WARN_DIRECT_OBJC_ISA_USAGE = YES_ERROR;
				CLANG_WARN_EMPTY_BODY = YES;
				CLANG_WARN_ENUM_CONVERSION = YES;
				CLANG_WARN_INT_CONVERSION = YES;
				CLANG_WARN_OBJC_ROOT_CLASS = YES_ERROR;
				CLANG_WARN__DUPLICATE_METHOD_MATCH = YES;
				"CODE_SIGN_IDENTITY[sdk=iphoneos*]" = "iPhone Developer";
				COPY_PHASE_STRIP = YES;
				ENABLE_NS_ASSERTIONS = NO;
				GCC_C_LANGUAGE_STANDARD = gnu99;
				GCC_WARN_64_TO_32_BIT_CONVERSION = YES;
				GCC_WARN_ABOUT_RETURN_TYPE = YES_ERROR;
				GCC_WARN_UNDECLARED_SELECTOR = YES;
				GCC_WARN_UNINITIALIZED_AUTOS = YES_AGGRESSIVE;
				GCC_WARN_UNUSED_FUNCTION = YES;
				GCC_WARN_UNUSED_VARIABLE = YES;
				IPHONEOS_DEPLOYMENT_TARGET = 7.1;
				SDKROOT = iphoneos;
				VALIDATE_PRODUCT = YES;
			};
			name = Release;
		};
		3FC39FBE18D7CAC700E98DAF /* Debug */ = {
			isa = XCBuildConfiguration;
			buildSettings = {
				ASSETCATALOG_COMPILER_APPICON_NAME = AppIcon;
				ASSETCATALOG_COMPILER_LAUNCHIMAGE_NAME = LaunchImage;
				GCC_PRECOMPILE_PREFIX_HEADER = YES;
				GCC_PREFIX_HEADER = "My Story/My Story-Prefix.pch";
				INFOPLIST_FILE = "My Story/My Story-Info.plist";
				PRODUCT_NAME = "$(TARGET_NAME)";
				TARGETED_DEVICE_FAMILY = 1;
				WRAPPER_EXTENSION = app;
			};
			name = Debug;
		};
		3FC39FBF18D7CAC700E98DAF /* Release */ = {
			isa = XCBuildConfiguration;
			buildSettings = {
				ASSETCATALOG_COMPILER_APPICON_NAME = AppIcon;
				ASSETCATALOG_COMPILER_LAUNCHIMAGE_NAME = LaunchImage;
				GCC_PRECOMPILE_PREFIX_HEADER = YES;
				GCC_PREFIX_HEADER = "My Story/My Story-Prefix.pch";
				INFOPLIST_FILE = "My Story/My Story-Info.plist";
				PRODUCT_NAME = "$(TARGET_NAME)";
				TARGETED_DEVICE_FAMILY = 1;
				WRAPPER_EXTENSION = app;
			};
			name = Release;
		};
		3FC39FC118D7CAC700E98DAF /* Debug */ = {
			isa = XCBuildConfiguration;
			buildSettings = {
				BUNDLE_LOADER = "$(BUILT_PRODUCTS_DIR)/My Story.app/My Story";
				FRAMEWORK_SEARCH_PATHS = (
					"$(SDKROOT)/Developer/Library/Frameworks",
					"$(inherited)",
					"$(DEVELOPER_FRAMEWORKS_DIR)",
				);
				GCC_PRECOMPILE_PREFIX_HEADER = YES;
				GCC_PREFIX_HEADER = "My Story/My Story-Prefix.pch";
				GCC_PREPROCESSOR_DEFINITIONS = (
					"DEBUG=1",
					"$(inherited)",
				);
				INFOPLIST_FILE = "My StoryTests/My StoryTests-Info.plist";
				PRODUCT_NAME = "$(TARGET_NAME)";
				TEST_HOST = "$(BUNDLE_LOADER)";
				WRAPPER_EXTENSION = xctest;
			};
			name = Debug;
		};
		3FC39FC218D7CAC700E98DAF /* Release */ = {
			isa = XCBuildConfiguration;
			buildSettings = {
				BUNDLE_LOADER = "$(BUILT_PRODUCTS_DIR)/My Story.app/My Story";
				FRAMEWORK_SEARCH_PATHS = (
					"$(SDKROOT)/Developer/Library/Frameworks",
					"$(inherited)",
					"$(DEVELOPER_FRAMEWORKS_DIR)",
				);
				GCC_PRECOMPILE_PREFIX_HEADER = YES;
				GCC_PREFIX_HEADER = "My Story/My Story-Prefix.pch";
				INFOPLIST_FILE = "My StoryTests/My StoryTests-Info.plist";
				PRODUCT_NAME = "$(TARGET_NAME)";
				TEST_HOST = "$(BUNDLE_LOADER)";
				WRAPPER_EXTENSION = xctest;
			};
			name = Release;
		};
/* End XCBuildConfiguration section */

/* Begin XCConfigurationList section */
		3FC39F8618D7CAC700E98DAF /* Build configuration list for PBXProject "My Story" */ = {
			isa = XCConfigurationList;
			buildConfigurations = (
				3FC39FBB18D7CAC700E98DAF /* Debug */,
				3FC39FBC18D7CAC700E98DAF /* Release */,
			);
			defaultConfigurationIsVisible = 0;
			defaultConfigurationName = Release;
		};
		3FC39FBD18D7CAC700E98DAF /* Build configuration list for PBXNativeTarget "My Story" */ = {
			isa = XCConfigurationList;
			buildConfigurations = (
				3FC39FBE18D7CAC700E98DAF /* Debug */,
				3FC39FBF18D7CAC700E98DAF /* Release */,
			);
			defaultConfigurationIsVisible = 0;
		};
		3FC39FC018D7CAC700E98DAF /* Build configuration list for PBXNativeTarget "My StoryTests" */ = {
			isa = XCConfigurationList;
			buildConfigurations = (
				3FC39FC118D7CAC700E98DAF /* Debug */,
				3FC39FC218D7CAC700E98DAF /* Release */,
			);
			defaultConfigurationIsVisible = 0;
		};
/* End XCConfigurationList section */
	};
	rootObject = 3FC39F8318D7CAC700E98DAF /* Project object */;
}
